<?xml version="1.0" encoding="UTF-8" standalone="yes" ?>
<CodeBlocks_project_file>
	<FileVersion major="1" minor="6" />
	<Project>
		<Option title="tpLabo2" />
		<Option pch_mode="2" />
		<Option compiler="gcc" />
		<Build>
			<Target title="Debug">
				<Option output="bin/Debug/tpLabo2" prefix_auto="1" extension_auto="1" />
				<Option object_output="obj/Debug/" />
				<Option type="1" />
				<Option compiler="gcc" />
				<Compiler>
					<Add option="-g" />
					<Add directory="../tpLaboTallerMecanico" />
					<Add directory="./" />
				</Compiler>
			</Target>
			<Target title="Release">
				<Option output="bin/Release/tpLabo2" prefix_auto="1" extension_auto="1" />
				<Option object_output="obj/Release/" />
				<Option type="1" />
				<Option compiler="gcc" />
				<Compiler>
					<Add option="-O2" />
					<Add directory="../tpLaboTallerMecanico" />
					<Add directory="./" />
				</Compiler>
				<Linker>
					<Add option="-s" />
				</Linker>
			</Target>
		</Build>
		<Compiler>
			<Add option="-Wall" />
			<Add option="-fexceptions" />
		</Compiler>
		<Unit filename="AutoCliente.cpp" />
		<Unit filename="AutoCliente.h" />
		<Unit filename="AutoClienteArchivo.cpp" />
		<Unit filename="AutoClienteArchivo.h" />
		<Unit filename="AutoClienteManager.cpp" />
		<Unit filename="AutoClienteManager.h" />
		<Unit filename="Cliente.cpp" />
		<Unit filename="Cliente.h" />
		<Unit filename="ClienteArchivo.cpp" />
		<Unit filename="ClienteArchivo.h" />
		<Unit filename="ClienteManager.cpp" />
		<Unit filename="ClienteManager.h" />
		<Unit filename="Empleado.cpp" />
		<Unit filename="Empleado.h" />
		<Unit filename="EmpleadoArchivo.cpp" />
		<Unit filename="EmpleadoArchivo.h" />
		<Unit filename="Fecha.cpp" />
		<Unit filename="Fecha.h" />
		<Unit filename="Funciones.cpp" />
		<Unit filename="Funciones.h" />
		<Unit filename="Persona.cpp" />
		<Unit filename="Persona.h" />
		<Unit filename="Presupuesto.cpp" />
		<Unit filename="Presupuesto.h" />
		<Unit filename="PresupuestoArchivo.cpp" />
		<Unit filename="PresupuestoArchivo.h" />
		<Unit filename="Proveedor.cpp" />
		<Unit filename="Proveedor.h" />
		<Unit filename="ProveedorArchivo.cpp" />
		<Unit filename="ProveedorArchivo.h" />
		<Unit filename="Trabajo.cpp" />
		<Unit filename="Trabajo.h" />
		<Unit filename="TrabajoArchivo.cpp" />
		<Unit filename="TrabajoArchivo.h" />
		<Unit filename="TrabajoManager.cpp" />
		<Unit filename="TrabajoManager.h" />
		<Unit filename="Vehiculo.cpp" />
		<Unit filename="Vehiculo.h" />
		<Unit filename="VehiculoArchivo.cpp" />
		<Unit filename="VehiculoArchivo.h" />
		<Unit filename="VehiculoManager.cpp" />
		<Unit filename="VehiculoManager.h" />
		<Unit filename="main.cpp" />
		<Unit filename="menu.cpp" />
		<Unit filename="menu.h" />
		<Extensions>
			<lib_finder disable_auto="1" />
		</Extensions>
	</Project>
</CodeBlocks_project_file>
